// !$*UTF8*$!
{
	archiveVersion = 1;
	classes = {
	};
	objectVersion = 56;
	objects = {

/* Begin PBXBuildFile section */
		BA1CC9742CB547AD004D8BE7 /* AppDelegate.swift in Sources */ = {isa = PBXBuildFile; fileRef = BA1CC9732CB547AD004D8BE7 /* AppDelegate.swift */; };
		BA1CC9762CB547AD004D8BE7 /* SceneDelegate.swift in Sources */ = {isa = PBXBuildFile; fileRef = BA1CC9752CB547AD004D8BE7 /* SceneDelegate.swift */; };
		BA1CC97D2CB547AF004D8BE7 /* Assets.xcassets in Resources */ = {isa = PBXBuildFile; fileRef = BA1CC97C2CB547AF004D8BE7 /* Assets.xcassets */; };
		BA1CC9802CB547AF004D8BE7 /* LaunchScreen.storyboard in Resources */ = {isa = PBXBuildFile; fileRef = BA1CC97E2CB547AF004D8BE7 /* LaunchScreen.storyboard */; };
		BA1CC9892CB547CD004D8BE7 /* MovieViewController.swift in Sources */ = {isa = PBXBuildFile; fileRef = BA1CC9882CB547CD004D8BE7 /* MovieViewController.swift */; };
		BA1CC98B2CB551F9004D8BE7 /* Movie.swift in Sources */ = {isa = PBXBuildFile; fileRef = BA1CC98A2CB551F9004D8BE7 /* Movie.swift */; };
		BA1CC98F2CB5538A004D8BE7 /* HttpClient.swift in Sources */ = {isa = PBXBuildFile; fileRef = BA1CC98E2CB5538A004D8BE7 /* HttpClient.swift */; };
		BA1CC9922CB55534004D8BE7 /* String+URLEncoding.swift in Sources */ = {isa = PBXBuildFile; fileRef = BA1CC9912CB55534004D8BE7 /* String+URLEncoding.swift */; };
		BA1CC9952CB558D3004D8BE7 /* MovieListViewModel.swift in Sources */ = {isa = PBXBuildFile; fileRef = BA1CC9942CB558D3004D8BE7 /* MovieListViewModel.swift */; };
/* End PBXBuildFile section */

/* Begin PBXFileReference section */
		BA1CC9702CB547AD004D8BE7 /* OmdbMVVM.app */ = {isa = PBXFileReference; explicitFileType = wrapper.application; includeInIndex = 0; path = OmdbMVVM.app; sourceTree = BUILT_PRODUCTS_DIR; };
		BA1CC9732CB547AD004D8BE7 /* AppDelegate.swift */ = {isa = PBXFileReference; lastKnownFileType = sourcecode.swift; path = AppDelegate.swift; sourceTree = "<group>"; };
		BA1CC9752CB547AD004D8BE7 /* SceneDelegate.swift */ = {isa = PBXFileReference; lastKnownFileType = sourcecode.swift; path = SceneDelegate.swift; sourceTree = "<group>"; };
		BA1CC97C2CB547AF004D8BE7 /* Assets.xcassets */ = {isa = PBXFileReference; lastKnownFileType = folder.assetcatalog; path = Assets.xcassets; sourceTree = "<group>"; };
		BA1CC97F2CB547AF004D8BE7 /* Base */ = {isa = PBXFileReference; lastKnownFileType = file.storyboard; name = Base; path = Base.lproj/LaunchScreen.storyboard; sourceTree = "<group>"; };
		BA1CC9812CB547AF004D8BE7 /* Info.plist */ = {isa = PBXFileReference; lastKnownFileType = text.plist.xml; path = Info.plist; sourceTree = "<group>"; };
		BA1CC9882CB547CD004D8BE7 /* MovieViewController.swift */ = {isa = PBXFileReference; lastKnownFileType = sourcecode.swift; path = MovieViewController.swift; sourceTree = "<group>"; };
		BA1CC98A2CB551F9004D8BE7 /* Movie.swift */ = {isa = PBXFileReference; lastKnownFileType = sourcecode.swift; path = Movie.swift; sourceTree = "<group>"; };
		BA1CC98E2CB5538A004D8BE7 /* HttpClient.swift */ = {isa = PBXFileReference; lastKnownFileType = sourcecode.swift; path = HttpClient.swift; sourceTree = "<group>"; };
		BA1CC9912CB55534004D8BE7 /* String+URLEncoding.swift */ = {isa = PBXFileReference; lastKnownFileType = sourcecode.swift; path = "String+URLEncoding.swift"; sourceTree = "<group>"; };
		BA1CC9942CB558D3004D8BE7 /* MovieListViewModel.swift */ = {isa = PBXFileReference; lastKnownFileType = sourcecode.swift; path = MovieListViewModel.swift; sourceTree = "<group>"; };
/* End PBXFileReference section */

/* Begin PBXFrameworksBuildPhase section */
		BA1CC96D2CB547AD004D8BE7 /* Frameworks */ = {
			isa = PBXFrameworksBuildPhase;
			buildActionMask = 2147483647;
			files = (
			);
			runOnlyForDeploymentPostprocessing = 0;
		};
/* End PBXFrameworksBuildPhase section */

/* Begin PBXGroup section */
		BA1CC9672CB547AD004D8BE7 = {
			isa = PBXGroup;
			children = (
				BA1CC9722CB547AD004D8BE7 /* OmdbMVVM */,
				BA1CC9712CB547AD004D8BE7 /* Products */,
			);
			sourceTree = "<group>";
		};
		BA1CC9712CB547AD004D8BE7 /* Products */ = {
			isa = PBXGroup;
			children = (
				BA1CC9702CB547AD004D8BE7 /* OmdbMVVM.app */,
			);
			name = Products;
			sourceTree = "<group>";
		};
		BA1CC9722CB547AD004D8BE7 /* OmdbMVVM */ = {
			isa = PBXGroup;
			children = (
				BA1CC9872CB547B5004D8BE7 /* ViewController */,
				BA1CC9732CB547AD004D8BE7 /* AppDelegate.swift */,
				BA1CC9752CB547AD004D8BE7 /* SceneDelegate.swift */,
				BA1CC97C2CB547AF004D8BE7 /* Assets.xcassets */,
				BA1CC97E2CB547AF004D8BE7 /* LaunchScreen.storyboard */,
				BA1CC9812CB547AF004D8BE7 /* Info.plist */,
			);
			path = OmdbMVVM;
			sourceTree = "<group>";
		};
		BA1CC9872CB547B5004D8BE7 /* ViewController */ = {
			isa = PBXGroup;
			children = (
				BA1CC9932CB558AF004D8BE7 /* ViewModel */,
				BA1CC9902CB554FA004D8BE7 /* Extension */,
				BA1CC98D2CB5537C004D8BE7 /* Client */,
				BA1CC9882CB547CD004D8BE7 /* MovieViewController.swift */,
				BA1CC98C2CB55218004D8BE7 /* Model */,
			);
			path = ViewController;
			sourceTree = "<group>";
		};
		BA1CC98C2CB55218004D8BE7 /* Model */ = {
			isa = PBXGroup;
			children = (
				BA1CC98A2CB551F9004D8BE7 /* Movie.swift */,
			);
			path = Model;
			sourceTree = "<group>";
		};
		BA1CC98D2CB5537C004D8BE7 /* Client */ = {
			isa = PBXGroup;
			children = (
				BA1CC98E2CB5538A004D8BE7 /* HttpClient.swift */,
			);
			path = Client;
			sourceTree = "<group>";
		};
		BA1CC9902CB554FA004D8BE7 /* Extension */ = {
			isa = PBXGroup;
			children = (
				BA1CC9912CB55534004D8BE7 /* String+URLEncoding.swift */,
			);
			path = Extension;
			sourceTree = "<group>";
		};
		BA1CC9932CB558AF004D8BE7 /* ViewModel */ = {
			isa = PBXGroup;
			children = (
				BA1CC9942CB558D3004D8BE7 /* MovieListViewModel.swift */,
			);
			path = ViewModel;
			sourceTree = "<group>";
		};
/* End PBXGroup section */

/* Begin PBXNativeTarget section */
		BA1CC96F2CB547AD004D8BE7 /* OmdbMVVM */ = {
			isa = PBXNativeTarget;
			buildConfigurationList = BA1CC9842CB547AF004D8BE7 /* Build configuration list for PBXNativeTarget "OmdbMVVM" */;
			buildPhases = (
				BA1CC96C2CB547AD004D8BE7 /* Sources */,
				BA1CC96D2CB547AD004D8BE7 /* Frameworks */,
				BA1CC96E2CB547AD004D8BE7 /* Resources */,
			);
			buildRules = (
			);
			dependencies = (
			);
			name = OmdbMVVM;
			productName = OmdbMVVM;
			productReference = BA1CC9702CB547AD004D8BE7 /* OmdbMVVM.app */;
			productType = "com.apple.product-type.application";
		};
/* End PBXNativeTarget section */

/* Begin PBXProject section */
		BA1CC9682CB547AD004D8BE7 /* Project object */ = {
			isa = PBXProject;
			attributes = {
				BuildIndependentTargetsInParallel = 1;
				LastSwiftUpdateCheck = 1520;
				LastUpgradeCheck = 1520;
				TargetAttributes = {
					BA1CC96F2CB547AD004D8BE7 = {
						CreatedOnToolsVersion = 15.2;
					};
				};
			};
			buildConfigurationList = BA1CC96B2CB547AD004D8BE7 /* Build configuration list for PBXProject "OmdbMVVM" */;
			compatibilityVersion = "Xcode 14.0";
			developmentRegion = en;
			hasScannedForEncodings = 0;
			knownRegions = (
				en,
				Base,
			);
			mainGroup = BA1CC9672CB547AD004D8BE7;
			productRefGroup = BA1CC9712CB547AD004D8BE7 /* Products */;
			projectDirPath = "";
			projectRoot = "";
			targets = (
				BA1CC96F2CB547AD004D8BE7 /* OmdbMVVM */,
			);
		};
/* End PBXProject section */

/* Begin PBXResourcesBuildPhase section */
		BA1CC96E2CB547AD004D8BE7 /* Resources */ = {
			isa = PBXResourcesBuildPhase;
			buildActionMask = 2147483647;
			files = (
				BA1CC9802CB547AF004D8BE7 /* LaunchScreen.storyboard in Resources */,
				BA1CC97D2CB547AF004D8BE7 /* Assets.xcassets in Resources */,
			);
			runOnlyForDeploymentPostprocessing = 0;
		};
/* End PBXResourcesBuildPhase section */

/* Begin PBXSourcesBuildPhase section */
		BA1CC96C2CB547AD004D8BE7 /* Sources */ = {
			isa = PBXSourcesBuildPhase;
			buildActionMask = 2147483647;
			files = (
				BA1CC98F2CB5538A004D8BE7 /* HttpClient.swift in Sources */,
				BA1CC9922CB55534004D8BE7 /* String+URLEncoding.swift in Sources */,
				BA1CC9742CB547AD004D8BE7 /* AppDelegate.swift in Sources */,
				BA1CC9952CB558D3004D8BE7 /* MovieListViewModel.swift in Sources */,
				BA1CC9762CB547AD004D8BE7 /* SceneDelegate.swift in Sources */,
				BA1CC98B2CB551F9004D8BE7 /* Movie.swift in Sources */,
				BA1CC9892CB547CD004D8BE7 /* MovieViewController.swift in Sources */,
			);
			runOnlyForDeploymentPostprocessing = 0;
		};
/* End PBXSourcesBuildPhase section */

/* Begin PBXVariantGroup section */
		BA1CC97E2CB547AF004D8BE7 /* LaunchScreen.storyboard */ = {
			isa = PBXVariantGroup;
			children = (
				BA1CC97F2CB547AF004D8BE7 /* Base */,
			);
			name = LaunchScreen.storyboard;
			sourceTree = "<group>";
		};
/* End PBXVariantGroup section */

/* Begin XCBuildConfiguration section */
		BA1CC9822CB547AF004D8BE7 /* Debug */ = {
			isa = XCBuildConfiguration;
			buildSettings = {
				ALWAYS_SEARCH_USER_PATHS = NO;
				ASSETCATALOG_COMPILER_GENERATE_SWIFT_ASSET_SYMBOL_EXTENSIONS = YES;
				CLANG_ANALYZER_NONNULL = YES;
				CLANG_ANALYZER_NUMBER_OBJECT_CONVERSION = YES_AGGRESSIVE;
				CLANG_CXX_LANGUAGE_STANDARD = "gnu++20";
				CLANG_ENABLE_MODULES = YES;
				CLANG_ENABLE_OBJC_ARC = YES;
				CLANG_ENABLE_OBJC_WEAK = YES;
				CLANG_WARN_BLOCK_CAPTURE_AUTORELEASING = YES;
				CLANG_WARN_BOOL_CONVERSION = YES;
				CLANG_WARN_COMMA = YES;
				CLANG_WARN_CONSTANT_CONVERSION = YES;
				CLANG_WARN_DEPRECATED_OBJC_IMPLEMENTATIONS = YES;
				CLANG_WARN_DIRECT_OBJC_ISA_USAGE = YES_ERROR;
				CLANG_WARN_DOCUMENTATION_COMMENTS = YES;
				CLANG_WARN_EMPTY_BODY = YES;
				CLANG_WARN_ENUM_CONVERSION = YES;
				CLANG_WARN_INFINITE_RECURSION = YES;
				CLANG_WARN_INT_CONVERSION = YES;
				CLANG_WARN_NON_LITERAL_NULL_CONVERSION = YES;
				CLANG_WARN_OBJC_IMPLICIT_RETAIN_SELF = YES;
				CLANG_WARN_OBJC_LITERAL_CONVERSION = YES;
				CLANG_WARN_OBJC_ROOT_CLASS = YES_ERROR;
				CLANG_WARN_QUOTED_INCLUDE_IN_FRAMEWORK_HEADER = YES;
				CLANG_WARN_RANGE_LOOP_ANALYSIS = YES;
				CLANG_WARN_STRICT_PROTOTYPES = YES;
				CLANG_WARN_SUSPICIOUS_MOVE = YES;
				CLANG_WARN_UNGUARDED_AVAILABILITY = YES_AGGRESSIVE;
				CLANG_WARN_UNREACHABLE_CODE = YES;
				CLANG_WARN__DUPLICATE_METHOD_MATCH = YES;
				COPY_PHASE_STRIP = NO;
				DEBUG_INFORMATION_FORMAT = dwarf;
				ENABLE_STRICT_OBJC_MSGSEND = YES;
				ENABLE_TESTABILITY = YES;
				ENABLE_USER_SCRIPT_SANDBOXING = YES;
				GCC_C_LANGUAGE_STANDARD = gnu17;
				GCC_DYNAMIC_NO_PIC = NO;
				GCC_NO_COMMON_BLOCKS = YES;
				GCC_OPTIMIZATION_LEVEL = 0;
				GCC_PREPROCESSOR_DEFINITIONS = (
					"DEBUG=1",
					"$(inherited)",
				);
				GCC_WARN_64_TO_32_BIT_CONVERSION = YES;
				GCC_WARN_ABOUT_RETURN_TYPE = YES_ERROR;
				GCC_WARN_UNDECLARED_SELECTOR = YES;
				GCC_WARN_UNINITIALIZED_AUTOS = YES_AGGRESSIVE;
				GCC_WARN_UNUSED_FUNCTION = YES;
				GCC_WARN_UNUSED_VARIABLE = YES;
				IPHONEOS_DEPLOYMENT_TARGET = 17.2;
				LOCALIZATION_PREFERS_STRING_CATALOGS = YES;
				MTL_ENABLE_DEBUG_INFO = INCLUDE_SOURCE;
				MTL_FAST_MATH = YES;
				ONLY_ACTIVE_ARCH = YES;
				SDKROOT = iphoneos;
				SWIFT_ACTIVE_COMPILATION_CONDITIONS = "DEBUG $(inherited)";
				SWIFT_OPTIMIZATION_LEVEL = "-Onone";
			};
			name = Debug;
		};
		BA1CC9832CB547AF004D8BE7 /* Release */ = {
			isa = XCBuildConfiguration;
			buildSettings = {
				ALWAYS_SEARCH_USER_PATHS = NO;
				ASSETCATALOG_COMPILER_GENERATE_SWIFT_ASSET_SYMBOL_EXTENSIONS = YES;
				CLANG_ANALYZER_NONNULL = YES;
				CLANG_ANALYZER_NUMBER_OBJECT_CONVERSION = YES_AGGRESSIVE;
				CLANG_CXX_LANGUAGE_STANDARD = "gnu++20";
				CLANG_ENABLE_MODULES = YES;
				CLANG_ENABLE_OBJC_ARC = YES;
				CLANG_ENABLE_OBJC_WEAK = YES;
				CLANG_WARN_BLOCK_CAPTURE_AUTORELEASING = YES;
				CLANG_WARN_BOOL_CONVERSION = YES;
				CLANG_WARN_COMMA = YES;
				CLANG_WARN_CONSTANT_CONVERSION = YES;
				CLANG_WARN_DEPRECATED_OBJC_IMPLEMENTATIONS = YES;
				CLANG_WARN_DIRECT_OBJC_ISA_USAGE = YES_ERROR;
				CLANG_WARN_DOCUMENTATION_COMMENTS = YES;
				CLANG_WARN_EMPTY_BODY = YES;
				CLANG_WARN_ENUM_CONVERSION = YES;
				CLANG_WARN_INFINITE_RECURSION = YES;
				CLANG_WARN_INT_CONVERSION = YES;
				CLANG_WARN_NON_LITERAL_NULL_CONVERSION = YES;
				CLANG_WARN_OBJC_IMPLICIT_RETAIN_SELF = YES;
				CLANG_WARN_OBJC_LITERAL_CONVERSION = YES;
				CLANG_WARN_OBJC_ROOT_CLASS = YES_ERROR;
				CLANG_WARN_QUOTED_INCLUDE_IN_FRAMEWORK_HEADER = YES;
				CLANG_WARN_RANGE_LOOP_ANALYSIS = YES;
				CLANG_WARN_STRICT_PROTOTYPES = YES;
				CLANG_WARN_SUSPICIOUS_MOVE = YES;
				CLANG_WARN_UNGUARDED_AVAILABILITY = YES_AGGRESSIVE;
				CLANG_WARN_UNREACHABLE_CODE = YES;
				CLANG_WARN__DUPLICATE_METHOD_MATCH = YES;
				COPY_PHASE_STRIP = NO;
				DEBUG_INFORMATION_FORMAT = "dwarf-with-dsym";
				ENABLE_NS_ASSERTIONS = NO;
				ENABLE_STRICT_OBJC_MSGSEND = YES;
				ENABLE_USER_SCRIPT_SANDBOXING = YES;
				GCC_C_LANGUAGE_STANDARD = gnu17;
				GCC_NO_COMMON_BLOCKS = YES;
				GCC_WARN_64_TO_32_BIT_CONVERSION = YES;
				GCC_WARN_ABOUT_RETURN_TYPE = YES_ERROR;
				GCC_WARN_UNDECLARED_SELECTOR = YES;
				GCC_WARN_UNINITIALIZED_AUTOS = YES_AGGRESSIVE;
				GCC_WARN_UNUSED_FUNCTION = YES;
				GCC_WARN_UNUSED_VARIABLE = YES;
				IPHONEOS_DEPLOYMENT_TARGET = 17.2;
				LOCALIZATION_PREFERS_STRING_CATALOGS = YES;
				MTL_ENABLE_DEBUG_INFO = NO;
				MTL_FAST_MATH = YES;
				SDKROOT = iphoneos;
				SWIFT_COMPILATION_MODE = wholemodule;
				VALIDATE_PRODUCT = YES;
			};
			name = Release;
		};
		BA1CC9852CB547AF004D8BE7 /* Debug */ = {
			isa = XCBuildConfiguration;
			buildSettings = {
				ASSETCATALOG_COMPILER_APPICON_NAME = AppIcon;
				ASSETCATALOG_COMPILER_GLOBAL_ACCENT_COLOR_NAME = AccentColor;
				CODE_SIGN_STYLE = Automatic;
				CURRENT_PROJECT_VERSION = 1;
				GENERATE_INFOPLIST_FILE = YES;
				INFOPLIST_FILE = OmdbMVVM/Info.plist;
				INFOPLIST_KEY_UIApplicationSupportsIndirectInputEvents = YES;
				INFOPLIST_KEY_UILaunchStoryboardName = LaunchScreen;
				INFOPLIST_KEY_UIMainStoryboardFile = "";
				INFOPLIST_KEY_UISupportedInterfaceOrientations_iPad = "UIInterfaceOrientationPortrait UIInterfaceOrientationPortraitUpsideDown UIInterfaceOrientationLandscapeLeft UIInterfaceOrientationLandscapeRight";
				INFOPLIST_KEY_UISupportedInterfaceOrientations_iPhone = "UIInterfaceOrientationPortrait UIInterfaceOrientationLandscapeLeft UIInterfaceOrientationLandscapeRight";
				LD_RUNPATH_SEARCH_PATHS = (
					"$(inherited)",
					"@executable_path/Frameworks",
				);
				MARKETING_VERSION = 1.0;
				PRODUCT_BUNDLE_IDENTIFIER = com.akshay.OmdbMVVM;
				PRODUCT_NAME = "$(TARGET_NAME)";
				SWIFT_EMIT_LOC_STRINGS = YES;
				SWIFT_VERSION = 5.0;
				TARGETED_DEVICE_FAMILY = "1,2";
			};
			name = Debug;
		};
		BA1CC9862CB547AF004D8BE7 /* Release */ = {
			isa = XCBuildConfiguration;
			buildSettings = {
				ASSETCATALOG_COMPILER_APPICON_NAME = AppIcon;
				ASSETCATALOG_COMPILER_GLOBAL_ACCENT_COLOR_NAME = AccentColor;
				CODE_SIGN_STYLE = Automatic;
				CURRENT_PROJECT_VERSION = 1;
				GENERATE_INFOPLIST_FILE = YES;
				INFOPLIST_FILE = OmdbMVVM/Info.plist;
				INFOPLIST_KEY_UIApplicationSupportsIndirectInputEvents = YES;
				INFOPLIST_KEY_UILaunchStoryboardName = LaunchScreen;
				INFOPLIST_KEY_UIMainStoryboardFile = "";
				INFOPLIST_KEY_UISupportedInterfaceOrientations_iPad = "UIInterfaceOrientationPortrait UIInterfaceOrientationPortraitUpsideDown UIInterfaceOrientationLandscapeLeft UIInterfaceOrientationLandscapeRight";
				INFOPLIST_KEY_UISupportedInterfaceOrientations_iPhone = "UIInterfaceOrientationPortrait UIInterfaceOrientationLandscapeLeft UIInterfaceOrientationLandscapeRight";
				LD_RUNPATH_SEARCH_PATHS = (
					"$(inherited)",
					"@executable_path/Frameworks",
				);
				MARKETING_VERSION = 1.0;
				PRODUCT_BUNDLE_IDENTIFIER = com.akshay.OmdbMVVM;
				PRODUCT_NAME = "$(TARGET_NAME)";
				SWIFT_EMIT_LOC_STRINGS = YES;
				SWIFT_VERSION = 5.0;
				TARGETED_DEVICE_FAMILY = "1,2";
			};
			name = Release;
		};
/* End XCBuildConfiguration section */

/* Begin XCConfigurationList section */
		BA1CC96B2CB547AD004D8BE7 /* Build configuration list for PBXProject "OmdbMVVM" */ = {
			isa = XCConfigurationList;
			buildConfigurations = (
				BA1CC9822CB547AF004D8BE7 /* Debug */,
				BA1CC9832CB547AF004D8BE7 /* Release */,
			);
			defaultConfigurationIsVisible = 0;
			defaultConfigurationName = Release;
		};
		BA1CC9842CB547AF004D8BE7 /* Build configuration list for PBXNativeTarget "OmdbMVVM" */ = {
			isa = XCConfigurationList;
			buildConfigurations = (
				BA1CC9852CB547AF004D8BE7 /* Debug */,
				BA1CC9862CB547AF004D8BE7 /* Release */,
			);
			defaultConfigurationIsVisible = 0;
			defaultConfigurationName = Release;
		};
/* End XCConfigurationList section */
	};
	rootObject = BA1CC9682CB547AD004D8BE7 /* Project object */;
}
